{
  "R": {
    "Version": "4.3.0",
    "Repositories": [
      {
        "Name": "CRAN",
        "URL": "https://cran.rstudio.com"
      }
    ]
  },
  "Packages": {
    "arrow": {
      "Package": "arrow",
      "Version": "12.0.1",
      "Source": "Repository",
      "Repository": "CRAN"
    },
    "dplyr": {
      "Package": "dplyr", 
      "Version": "1.1.2",
      "Source": "Repository",
      "Repository": "CRAN"
    },
    "ggplot2": {
      "Package": "ggplot2",
      "Version": "3.4.2",
      "Source": "Repository", 
      "Repository": "CRAN"
    },
    "stringr": {
      "Package": "stringr",
      "Version": "1.5.0",
      "Source": "Repository",
      "Repository": "CRAN"
    },
    "lubridate": {
      "Package": "lubridate",
      "Version": "1.9.2",
      "Source": "Repository",
      "Repository": "CRAN"
    },
    "data.table": {
      "Package": "data.table",
      "Version": "1.14.8",
      "Source": "Repository",
      "Repository": "CRAN"
    },
    "quanteda": {
      "Package": "quanteda",
      "Version": "3.3.1",
      "Source": "Repository",
      "Repository": "CRAN"
    },
    "tm": {
      "Package": "tm",
      "Version": "0.7-11",
      "Source": "Repository",
      "Repository": "CRAN"
    },
    "topicmodels": {
      "Package": "topicmodels",
      "Version": "0.2-14",
      "Source": "Repository",
      "Repository": "CRAN"
    },
    "stm": {
      "Package": "stm",
      "Version": "1.3.6",
      "Source": "Repository",
      "Repository": "CRAN"
    },
    "igraph": {
      "Package": "igraph",
      "Version": "1.5.0",
      "Source": "Repository",
      "Repository": "CRAN"
    },
    "sf": {
      "Package": "sf",
      "Version": "1.0-13",
      "Source": "Repository",
      "Repository": "CRAN"
    },
    "leaflet": {
      "Package": "leaflet",
      "Version": "2.1.2",
      "Source": "Repository",
      "Repository": "CRAN"
    },
    "geobr": {
      "Package": "geobr",
      "Version": "1.7.1",
      "Source": "Repository",
      "Repository": "CRAN"
    },
    "tsibble": {
      "Package": "tsibble",
      "Version": "1.1.3",
      "Source": "Repository",
      "Repository": "CRAN"
    },
    "fable": {
      "Package": "fable",
      "Version": "0.3.3",
      "Source": "Repository",
      "Repository": "CRAN"
    },
    "survival": {
      "Package": "survival",
      "Version": "3.5-5",
      "Source": "Repository",
      "Repository": "CRAN"
    },
    "logger": {
      "Package": "logger",
      "Version": "0.2.2",
      "Source": "Repository",
      "Repository": "CRAN"
    },
    "tictoc": {
      "Package": "tictoc",
      "Version": "1.2",
      "Source": "Repository",
      "Repository": "CRAN"
    },
    "viridis": {
      "Package": "viridis",
      "Version": "0.6.3",
      "Source": "Repository",
      "Repository": "CRAN"
    },
    "plotly": {
      "Package": "plotly",
      "Version": "4.10.2",
      "Source": "Repository",
      "Repository": "CRAN"
    }
  }
}